
Microsoft Visual Studio Solution File, Format Version 12.00
# Visual Studio Version 17
VisualStudioVersion = 17.14.36414.22 d17.14
MinimumVisualStudioVersion = 10.0.40219.1
Project("{FAE04EC0-301F-11D3-BF4B-00C04F79EFBC}") = "CollisionDetection_Demo", "CollisionDetection_Demo.csproj", "{23635447-A9D6-4E24-B5AF-6A4145BFD3A4}"
EndProject
Global
	GlobalSection(SolutionConfigurationPlatforms) = preSolution
		Debug|Any CPU = Debug|Any CPU
		Release|Any CPU = Release|Any CPU
	EndGlobalSection
	GlobalSection(ProjectConfigurationPlatforms) = postSolution
		{23635447-A9D6-4E24-B5AF-6A4145BFD3A4}.Debug|Any CPU.ActiveCfg = Debug|Any CPU
		{23635447-A9D6-4E24-B5AF-6A4145BFD3A4}.Debug|Any CPU.Build.0 = Debug|Any CPU
		{23635447-A9D6-4E24-B5AF-6A4145BFD3A4}.Release|Any CPU.ActiveCfg = Release|Any CPU
		{23635447-A9D6-4E24-B5AF-6A4145BFD3A4}.Release|Any CPU.Build.0 = Release|Any CPU
	EndGlobalSection
	GlobalSection(SolutionProperties) = preSolution
		HideSolutionNode = FALSE
	EndGlobalSection
	GlobalSection(ExtensibilityGlobals) = postSolution
		SolutionGuid = {F062E606-214A-49A3-8176-D87D91B7DC1D}
	EndGlobalSection
EndGlobal
