
Microsoft Visual Studio Solution File, Format Version 12.00
# Visual Studio Version 17
VisualStudioVersion = 17.14.36414.22 d17.14
MinimumVisualStudioVersion = 10.0.40219.1
Project("{FAE04EC0-301F-11D3-BF4B-00C04F79EFBC}") = "TreeCentric_Demo", "TreeCentric_Demo.csproj", "{40F1F21F-007D-44F8-B118-274B29703EA5}"
EndProject
Global
	GlobalSection(SolutionConfigurationPlatforms) = preSolution
		Debug|Any CPU = Debug|Any CPU
		Release|Any CPU = Release|Any CPU
	EndGlobalSection
	GlobalSection(ProjectConfigurationPlatforms) = postSolution
		{40F1F21F-007D-44F8-B118-274B29703EA5}.Debug|Any CPU.ActiveCfg = Debug|Any CPU
		{40F1F21F-007D-44F8-B118-274B29703EA5}.Debug|Any CPU.Build.0 = Debug|Any CPU
		{40F1F21F-007D-44F8-B118-274B29703EA5}.Release|Any CPU.ActiveCfg = Release|Any CPU
		{40F1F21F-007D-44F8-B118-274B29703EA5}.Release|Any CPU.Build.0 = Release|Any CPU
	EndGlobalSection
	GlobalSection(SolutionProperties) = preSolution
		HideSolutionNode = FALSE
	EndGlobalSection
	GlobalSection(ExtensibilityGlobals) = postSolution
		SolutionGuid = {8A4C97EC-C4D6-4237-BE78-0AFA3435218B}
	EndGlobalSection
EndGlobal
