
Microsoft Visual Studio Solution File, Format Version 12.00
# Visual Studio Version 17
VisualStudioVersion = 17.14.36414.22 d17.14
MinimumVisualStudioVersion = 10.0.40219.1
Project("{FAE04EC0-301F-11D3-BF4B-00C04F79EFBC}") = "DelegateAndEvents_ClassDemo", "DelegateAndEvents_ClassDemo.csproj", "{C1602040-9530-4830-A38B-D3AEA6721BD0}"
EndProject
Global
	GlobalSection(SolutionConfigurationPlatforms) = preSolution
		Debug|Any CPU = Debug|Any CPU
		Release|Any CPU = Release|Any CPU
	EndGlobalSection
	GlobalSection(ProjectConfigurationPlatforms) = postSolution
		{C1602040-9530-4830-A38B-D3AEA6721BD0}.Debug|Any CPU.ActiveCfg = Debug|Any CPU
		{C1602040-9530-4830-A38B-D3AEA6721BD0}.Debug|Any CPU.Build.0 = Debug|Any CPU
		{C1602040-9530-4830-A38B-D3AEA6721BD0}.Release|Any CPU.ActiveCfg = Release|Any CPU
		{C1602040-9530-4830-A38B-D3AEA6721BD0}.Release|Any CPU.Build.0 = Release|Any CPU
	EndGlobalSection
	GlobalSection(SolutionProperties) = preSolution
		HideSolutionNode = FALSE
	EndGlobalSection
	GlobalSection(ExtensibilityGlobals) = postSolution
		SolutionGuid = {2AC8ABA1-654A-4352-B1C5-8CBC15052968}
	EndGlobalSection
EndGlobal
